
Microsoft Visual Studio Solution File, Format Version 12.00
# Visual Studio Version 17
VisualStudioVersion = 17.0.31919.166
MinimumVisualStudioVersion = 10.0.40219.1
Project("{8BC9CEB8-8B4A-11D0-8D11-00A0C91BC942}") = "Part 1 Static array", "Part 1 Static array\Part 1 Static array.vcxproj", "{911E9A66-0905-4C20-89F6-9CB1E407656D}"
EndProject
Project("{8BC9CEB8-8B4A-11D0-8D11-00A0C91BC942}") = "Part 2 Dynamic array", "Part 2 Dynamic array\Part 2 Dynamic array.vcxproj", "{FD9C2809-1E12-4E9E-8C9F-53CBF178AEEA}"
EndProject
Project("{8BC9CEB8-8B4A-11D0-8D11-00A0C91BC942}") = "Part 3 Vector", "Part 3 Vector\Part 3 Vector.vcxproj", "{DE8E7237-2D71-4CA5-B781-C8E217E7123C}"
EndProject
Global
	GlobalSection(SolutionConfigurationPlatforms) = preSolution
		Debug|x64 = Debug|x64
		Debug|x86 = Debug|x86
		Release|x64 = Release|x64
		Release|x86 = Release|x86
	EndGlobalSection
	GlobalSection(ProjectConfigurationPlatforms) = postSolution
		{911E9A66-0905-4C20-89F6-9CB1E407656D}.Debug|x64.ActiveCfg = Debug|x64
		{911E9A66-0905-4C20-89F6-9CB1E407656D}.Debug|x64.Build.0 = Debug|x64
		{911E9A66-0905-4C20-89F6-9CB1E407656D}.Debug|x86.ActiveCfg = Debug|Win32
		{911E9A66-0905-4C20-89F6-9CB1E407656D}.Debug|x86.Build.0 = Debug|Win32
		{911E9A66-0905-4C20-89F6-9CB1E407656D}.Release|x64.ActiveCfg = Release|x64
		{911E9A66-0905-4C20-89F6-9CB1E407656D}.Release|x64.Build.0 = Release|x64
		{911E9A66-0905-4C20-89F6-9CB1E407656D}.Release|x86.ActiveCfg = Release|Win32
		{911E9A66-0905-4C20-89F6-9CB1E407656D}.Release|x86.Build.0 = Release|Win32
		{FD9C2809-1E12-4E9E-8C9F-53CBF178AEEA}.Debug|x64.ActiveCfg = Debug|x64
		{FD9C2809-1E12-4E9E-8C9F-53CBF178AEEA}.Debug|x64.Build.0 = Debug|x64
		{FD9C2809-1E12-4E9E-8C9F-53CBF178AEEA}.Debug|x86.ActiveCfg = Debug|Win32
		{FD9C2809-1E12-4E9E-8C9F-53CBF178AEEA}.Debug|x86.Build.0 = Debug|Win32
		{FD9C2809-1E12-4E9E-8C9F-53CBF178AEEA}.Release|x64.ActiveCfg = Release|x64
		{FD9C2809-1E12-4E9E-8C9F-53CBF178AEEA}.Release|x64.Build.0 = Release|x64
		{FD9C2809-1E12-4E9E-8C9F-53CBF178AEEA}.Release|x86.ActiveCfg = Release|Win32
		{FD9C2809-1E12-4E9E-8C9F-53CBF178AEEA}.Release|x86.Build.0 = Release|Win32
		{DE8E7237-2D71-4CA5-B781-C8E217E7123C}.Debug|x64.ActiveCfg = Debug|x64
		{DE8E7237-2D71-4CA5-B781-C8E217E7123C}.Debug|x64.Build.0 = Debug|x64
		{DE8E7237-2D71-4CA5-B781-C8E217E7123C}.Debug|x86.ActiveCfg = Debug|Win32
		{DE8E7237-2D71-4CA5-B781-C8E217E7123C}.Debug|x86.Build.0 = Debug|Win32
		{DE8E7237-2D71-4CA5-B781-C8E217E7123C}.Release|x64.ActiveCfg = Release|x64
		{DE8E7237-2D71-4CA5-B781-C8E217E7123C}.Release|x64.Build.0 = Release|x64
		{DE8E7237-2D71-4CA5-B781-C8E217E7123C}.Release|x86.ActiveCfg = Release|Win32
		{DE8E7237-2D71-4CA5-B781-C8E217E7123C}.Release|x86.Build.0 = Release|Win32
	EndGlobalSection
	GlobalSection(SolutionProperties) = preSolution
		HideSolutionNode = FALSE
	EndGlobalSection
	GlobalSection(ExtensibilityGlobals) = postSolution
		SolutionGuid = {055BBA91-12FE-4BE4-9E9A-2ACC1A1A68DD}
	EndGlobalSection
EndGlobal
